
Microsoft Visual Studio Solution File, Format Version 12.00
# Visual Studio Version 17
VisualStudioVersion = 17.10.34916.146
MinimumVisualStudioVersion = 10.0.40219.1
Project("{2150E333-8FDC-42A3-9474-1A3956D46DE8}") = "src", "src", "{285A9556-04CE-4CF9-A29A-22A11132F8A1}"
EndProject
Project("{2150E333-8FDC-42A3-9474-1A3956D46DE8}") = "test", "test", "{FE9FD325-072A-49AC-9A7B-4D679FCC177F}"
EndProject
Project("{9A19103F-16F7-4668-BE54-9A1E7A4F7556}") = "RPOS.Domain", "RPOS.Domain\RPOS.Domain.csproj", "{865FB10B-7577-4414-95B9-6E64462A6E94}"
EndProject
Project("{9A19103F-16F7-4668-BE54-9A1E7A4F7556}") = "RPOS.Utilities", "RPOS.Utilities\RPOS.Utilities.csproj", "{C61E8C19-48B9-4D2C-9916-C1808340B71C}"
EndProject
Project("{FAE04EC0-301F-11D3-BF4B-00C04F79EFBC}") = "RPOS.Infrastructure", "RPOS.Infrastructure\RPOS.Infrastructure.csproj", "{A0B58FE2-ED8F-4BB7-A809-D1AD099A19BF}"
EndProject
Project("{FAE04EC0-301F-11D3-BF4B-00C04F79EFBC}") = "RPOS.API", "RPOS.API\RPOS.API.csproj", "{6CE9D74D-0FC9-43B8-84B5-A2CD9E9DD3F9}"
EndProject
Global
	GlobalSection(SolutionConfigurationPlatforms) = preSolution
		Debug|Any CPU = Debug|Any CPU
		Release|Any CPU = Release|Any CPU
	EndGlobalSection
	GlobalSection(ProjectConfigurationPlatforms) = postSolution
		{865FB10B-7577-4414-95B9-6E64462A6E94}.Debug|Any CPU.ActiveCfg = Debug|Any CPU
		{865FB10B-7577-4414-95B9-6E64462A6E94}.Debug|Any CPU.Build.0 = Debug|Any CPU
		{865FB10B-7577-4414-95B9-6E64462A6E94}.Release|Any CPU.ActiveCfg = Release|Any CPU
		{865FB10B-7577-4414-95B9-6E64462A6E94}.Release|Any CPU.Build.0 = Release|Any CPU
		{C61E8C19-48B9-4D2C-9916-C1808340B71C}.Debug|Any CPU.ActiveCfg = Debug|Any CPU
		{C61E8C19-48B9-4D2C-9916-C1808340B71C}.Debug|Any CPU.Build.0 = Debug|Any CPU
		{C61E8C19-48B9-4D2C-9916-C1808340B71C}.Release|Any CPU.ActiveCfg = Release|Any CPU
		{C61E8C19-48B9-4D2C-9916-C1808340B71C}.Release|Any CPU.Build.0 = Release|Any CPU
		{A0B58FE2-ED8F-4BB7-A809-D1AD099A19BF}.Debug|Any CPU.ActiveCfg = Debug|Any CPU
		{A0B58FE2-ED8F-4BB7-A809-D1AD099A19BF}.Debug|Any CPU.Build.0 = Debug|Any CPU
		{A0B58FE2-ED8F-4BB7-A809-D1AD099A19BF}.Release|Any CPU.ActiveCfg = Release|Any CPU
		{A0B58FE2-ED8F-4BB7-A809-D1AD099A19BF}.Release|Any CPU.Build.0 = Release|Any CPU
		{6CE9D74D-0FC9-43B8-84B5-A2CD9E9DD3F9}.Debug|Any CPU.ActiveCfg = Debug|Any CPU
		{6CE9D74D-0FC9-43B8-84B5-A2CD9E9DD3F9}.Debug|Any CPU.Build.0 = Debug|Any CPU
		{6CE9D74D-0FC9-43B8-84B5-A2CD9E9DD3F9}.Release|Any CPU.ActiveCfg = Release|Any CPU
		{6CE9D74D-0FC9-43B8-84B5-A2CD9E9DD3F9}.Release|Any CPU.Build.0 = Release|Any CPU
	EndGlobalSection
	GlobalSection(SolutionProperties) = preSolution
		HideSolutionNode = FALSE
	EndGlobalSection
	GlobalSection(NestedProjects) = preSolution
		{865FB10B-7577-4414-95B9-6E64462A6E94} = {285A9556-04CE-4CF9-A29A-22A11132F8A1}
		{C61E8C19-48B9-4D2C-9916-C1808340B71C} = {285A9556-04CE-4CF9-A29A-22A11132F8A1}
		{A0B58FE2-ED8F-4BB7-A809-D1AD099A19BF} = {285A9556-04CE-4CF9-A29A-22A11132F8A1}
		{6CE9D74D-0FC9-43B8-84B5-A2CD9E9DD3F9} = {285A9556-04CE-4CF9-A29A-22A11132F8A1}
	EndGlobalSection
	GlobalSection(ExtensibilityGlobals) = postSolution
		SolutionGuid = {99B1CDB7-1C7C-4089-93E6-41BF44EB2114}
	EndGlobalSection
EndGlobal
